
Microsoft Visual Studio Solution File, Format Version 12.00
# Visual Studio 2012
Project("{FAE04EC0-301F-11D3-BF4B-00C04F79EFBC}") = "TestApp_XS_VersionControl2", "TestApp_XS_VersionControl2\TestApp_XS_VersionControl2.csproj", "{88A10C75-7BAA-444A-8D27-7A3336DA3F10}"
EndProject
Global
	GlobalSection(SolutionConfigurationPlatforms) = preSolution
		Debug|Any CPU = Debug|Any CPU
		Release|Any CPU = Release|Any CPU
	EndGlobalSection
	GlobalSection(ProjectConfigurationPlatforms) = postSolution
		{88A10C75-7BAA-444A-8D27-7A3336DA3F10}.Debug|Any CPU.ActiveCfg = Debug|Any CPU
		{88A10C75-7BAA-444A-8D27-7A3336DA3F10}.Debug|Any CPU.Build.0 = Debug|Any CPU
		{88A10C75-7BAA-444A-8D27-7A3336DA3F10}.Release|Any CPU.ActiveCfg = Release|Any CPU
		{88A10C75-7BAA-444A-8D27-7A3336DA3F10}.Release|Any CPU.Build.0 = Release|Any CPU
	EndGlobalSection
	GlobalSection(MonoDevelopProperties) = preSolution
		StartupItem = TestApp_XS_VersionControl2\TestApp_XS_VersionControl2.csproj
	EndGlobalSection
EndGlobal
